{
  "name": "lab-07-memory-ffmpeg",
  "lockfileVersion": 3,
  "requires": true,
  "packages": {
    "": {
      "name": "lab-07-memory-ffmpeg",
      "dependencies": {
        "bare-ffmpeg": "1.6.0"
      }
    },
    "node_modules/bare-ffmpeg": {
      "version": "1.6.0",
      "resolved": "https://registry.npmjs.org/bare-ffmpeg/-/bare-ffmpeg-1.6.0.tgz",
      "integrity": "sha512-/e07fx7CwX20RmHyE9cHH+PD6SpWLALkIFg+6EHOkUV+Zc4Tu/VlCRGDISMok4E6ShiJECzxZoGww6tl/+asFQ==",
      "license": "Apache-2.0"
    }
  }
}
